
Microsoft Visual Studio Solution File, Format Version 12.00
# Visual Studio Version 16
VisualStudioVersion = 16.0.30225.117
MinimumVisualStudioVersion = 10.0.40219.1
Project("{2150E333-8FDC-42A3-9474-1A3956D46DE8}") = "src", "src", "{5FE842F1-0ABC-4268-B009-9FE08E29080E}"
EndProject
Project("{9A19103F-16F7-4668-BE54-9A1E7A4F7556}") = "FeatureManagementWeb", "src\FeatureManagementWeb\FeatureManagementWeb.csproj", "{FA85D473-C067-41F5-B63B-FF948C138603}"
EndProject
Global
	GlobalSection(SolutionConfigurationPlatforms) = preSolution
		Debug|Any CPU = Debug|Any CPU
		Release|Any CPU = Release|Any CPU
	EndGlobalSection
	GlobalSection(ProjectConfigurationPlatforms) = postSolution
		{FA85D473-C067-41F5-B63B-FF948C138603}.Debug|Any CPU.ActiveCfg = Debug|Any CPU
		{FA85D473-C067-41F5-B63B-FF948C138603}.Debug|Any CPU.Build.0 = Debug|Any CPU
		{FA85D473-C067-41F5-B63B-FF948C138603}.Release|Any CPU.ActiveCfg = Release|Any CPU
		{FA85D473-C067-41F5-B63B-FF948C138603}.Release|Any CPU.Build.0 = Release|Any CPU
	EndGlobalSection
	GlobalSection(SolutionProperties) = preSolution
		HideSolutionNode = FALSE
	EndGlobalSection
	GlobalSection(NestedProjects) = preSolution
		{FA85D473-C067-41F5-B63B-FF948C138603} = {5FE842F1-0ABC-4268-B009-9FE08E29080E}
	EndGlobalSection
	GlobalSection(ExtensibilityGlobals) = postSolution
		SolutionGuid = {5B3C9315-980A-4757-9C92-0DADF36E99A6}
	EndGlobalSection
EndGlobal
